// !$*UTF8*$!
{
	archiveVersion = 1;
	classes = {
	};
	objectVersion = 56;
	objects = {

/* Begin PBXBuildFile section */
		DA152EC62CE0D99A00C41E0C /* CameraViewController.swift in Sources */ = {isa = PBXBuildFile; fileRef = DA152EC52CE0D99A00C41E0C /* CameraViewController.swift */; };
		DA152EC82CE0DF6500C41E0C /* ScanViewModel.swift in Sources */ = {isa = PBXBuildFile; fileRef = DA152EC72CE0DF6500C41E0C /* ScanViewModel.swift */; };
		DA152ECB2CE1063C00C41E0C /* apiKeys.json in Resources */ = {isa = PBXBuildFile; fileRef = DA152ECA2CE1063C00C41E0C /* apiKeys.json */; settings = {ASSET_TAGS = (APIKeys, ); }; };
		DA152ECD2CE106CF00C41E0C /* KeyConstants.swift in Sources */ = {isa = PBXBuildFile; fileRef = DA152ECC2CE106CF00C41E0C /* KeyConstants.swift */; };
		DA3B95BE2CDFF9C100C1AC8E /* PokemonTCGScannerApp.swift in Sources */ = {isa = PBXBuildFile; fileRef = DA3B95BD2CDFF9C100C1AC8E /* PokemonTCGScannerApp.swift */; };
		DA3B95C02CDFF9C100C1AC8E /* MainView.swift in Sources */ = {isa = PBXBuildFile; fileRef = DA3B95BF2CDFF9C100C1AC8E /* MainView.swift */; };
		DA3B95C22CDFF9C200C1AC8E /* Assets.xcassets in Resources */ = {isa = PBXBuildFile; fileRef = DA3B95C12CDFF9C200C1AC8E /* Assets.xcassets */; };
		DA3B95C52CDFF9C200C1AC8E /* Preview Assets.xcassets in Resources */ = {isa = PBXBuildFile; fileRef = DA3B95C42CDFF9C200C1AC8E /* Preview Assets.xcassets */; };
		DA3B95D02CDFFDF500C1AC8E /* BrowseView.swift in Sources */ = {isa = PBXBuildFile; fileRef = DA3B95CF2CDFFDF500C1AC8E /* BrowseView.swift */; };
		DA3B95D32CE0009D00C1AC8E /* ColorExtension.swift in Sources */ = {isa = PBXBuildFile; fileRef = DA3B95D22CE0009D00C1AC8E /* ColorExtension.swift */; };
		DA3B95D52CE0066B00C1AC8E /* ApiModel.swift in Sources */ = {isa = PBXBuildFile; fileRef = DA3B95D42CE0066B00C1AC8E /* ApiModel.swift */; };
		DA3B95D72CE0086B00C1AC8E /* BrowseViewModel.swift in Sources */ = {isa = PBXBuildFile; fileRef = DA3B95D62CE0086B00C1AC8E /* BrowseViewModel.swift */; };
		DA3B95D92CE008B000C1AC8E /* SetModel.swift in Sources */ = {isa = PBXBuildFile; fileRef = DA3B95D82CE008B000C1AC8E /* SetModel.swift */; };
		DA3B95DB2CE00B0100C1AC8E /* PreviewMocks.swift in Sources */ = {isa = PBXBuildFile; fileRef = DA3B95DA2CE00B0100C1AC8E /* PreviewMocks.swift */; };
		DA3B95DE2CE00C2000C1AC8E /* sets.json in Resources */ = {isa = PBXBuildFile; fileRef = DA3B95DD2CE00C2000C1AC8E /* sets.json */; };
		DA3B95E02CE0190E00C1AC8E /* SetCardsView.swift in Sources */ = {isa = PBXBuildFile; fileRef = DA3B95DF2CE0190E00C1AC8E /* SetCardsView.swift */; };
		DA3B95E22CE01EFA00C1AC8E /* setCards.json in Resources */ = {isa = PBXBuildFile; fileRef = DA3B95E12CE01EFA00C1AC8E /* setCards.json */; };
		DA3B95E42CE01F8C00C1AC8E /* CardModel.swift in Sources */ = {isa = PBXBuildFile; fileRef = DA3B95E32CE01F8C00C1AC8E /* CardModel.swift */; };
		DA3B95E62CE026BF00C1AC8E /* URLSessionExtension.swift in Sources */ = {isa = PBXBuildFile; fileRef = DA3B95E52CE026BF00C1AC8E /* URLSessionExtension.swift */; };
		DA3B95E82CE02BB200C1AC8E /* VisionModel.swift in Sources */ = {isa = PBXBuildFile; fileRef = DA3B95E72CE02BB200C1AC8E /* VisionModel.swift */; };
		DA3B95EA2CE0326C00C1AC8E /* ScanView.swift in Sources */ = {isa = PBXBuildFile; fileRef = DA3B95E92CE0326C00C1AC8E /* ScanView.swift */; };
		DA5EEC862CE0C83900BE863C /* CardDetailView.swift in Sources */ = {isa = PBXBuildFile; fileRef = DA5EEC852CE0C83900BE863C /* CardDetailView.swift */; };
		DA9C3AD62CE16D7C009C7621 /* CollectionView.swift in Sources */ = {isa = PBXBuildFile; fileRef = DA9C3AD52CE16D7C009C7621 /* CollectionView.swift */; };
		DA9C3AD82CE16DD7009C7621 /* CollectionViewModel.swift in Sources */ = {isa = PBXBuildFile; fileRef = DA9C3AD72CE16DD7009C7621 /* CollectionViewModel.swift */; };
		DAD26AB32CE279B2004942C8 /* RemoteImageView.swift in Sources */ = {isa = PBXBuildFile; fileRef = DAD26AB22CE279B2004942C8 /* RemoteImageView.swift */; };
		DAD26AB52CE27A1C004942C8 /* UIImageExtension.swift in Sources */ = {isa = PBXBuildFile; fileRef = DAD26AB42CE27A1C004942C8 /* UIImageExtension.swift */; };
/* End PBXBuildFile section */

/* Begin PBXFileReference section */
		DA152EC52CE0D99A00C41E0C /* CameraViewController.swift */ = {isa = PBXFileReference; lastKnownFileType = sourcecode.swift; path = CameraViewController.swift; sourceTree = "<group>"; };
		DA152EC72CE0DF6500C41E0C /* ScanViewModel.swift */ = {isa = PBXFileReference; lastKnownFileType = sourcecode.swift; path = ScanViewModel.swift; sourceTree = "<group>"; };
		DA152ECA2CE1063C00C41E0C /* apiKeys.json */ = {isa = PBXFileReference; lastKnownFileType = text.json; path = apiKeys.json; sourceTree = "<group>"; };
		DA152ECC2CE106CF00C41E0C /* KeyConstants.swift */ = {isa = PBXFileReference; lastKnownFileType = sourcecode.swift; path = KeyConstants.swift; sourceTree = "<group>"; };
		DA3B95BA2CDFF9C100C1AC8E /* PokemonTCGScanner.app */ = {isa = PBXFileReference; explicitFileType = wrapper.application; includeInIndex = 0; path = PokemonTCGScanner.app; sourceTree = BUILT_PRODUCTS_DIR; };
		DA3B95BD2CDFF9C100C1AC8E /* PokemonTCGScannerApp.swift */ = {isa = PBXFileReference; lastKnownFileType = sourcecode.swift; path = PokemonTCGScannerApp.swift; sourceTree = "<group>"; };
		DA3B95BF2CDFF9C100C1AC8E /* MainView.swift */ = {isa = PBXFileReference; lastKnownFileType = sourcecode.swift; path = MainView.swift; sourceTree = "<group>"; };
		DA3B95C12CDFF9C200C1AC8E /* Assets.xcassets */ = {isa = PBXFileReference; lastKnownFileType = folder.assetcatalog; path = Assets.xcassets; sourceTree = "<group>"; };
		DA3B95C42CDFF9C200C1AC8E /* Preview Assets.xcassets */ = {isa = PBXFileReference; lastKnownFileType = folder.assetcatalog; path = "Preview Assets.xcassets"; sourceTree = "<group>"; };
		DA3B95CF2CDFFDF500C1AC8E /* BrowseView.swift */ = {isa = PBXFileReference; lastKnownFileType = sourcecode.swift; path = BrowseView.swift; sourceTree = "<group>"; };
		DA3B95D22CE0009D00C1AC8E /* ColorExtension.swift */ = {isa = PBXFileReference; lastKnownFileType = sourcecode.swift; path = ColorExtension.swift; sourceTree = "<group>"; };
		DA3B95D42CE0066B00C1AC8E /* ApiModel.swift */ = {isa = PBXFileReference; lastKnownFileType = sourcecode.swift; path = ApiModel.swift; sourceTree = "<group>"; };
		DA3B95D62CE0086B00C1AC8E /* BrowseViewModel.swift */ = {isa = PBXFileReference; lastKnownFileType = sourcecode.swift; path = BrowseViewModel.swift; sourceTree = "<group>"; };
		DA3B95D82CE008B000C1AC8E /* SetModel.swift */ = {isa = PBXFileReference; lastKnownFileType = sourcecode.swift; path = SetModel.swift; sourceTree = "<group>"; };
		DA3B95DA2CE00B0100C1AC8E /* PreviewMocks.swift */ = {isa = PBXFileReference; lastKnownFileType = sourcecode.swift; path = PreviewMocks.swift; sourceTree = "<group>"; };
		DA3B95DD2CE00C2000C1AC8E /* sets.json */ = {isa = PBXFileReference; lastKnownFileType = text.json; path = sets.json; sourceTree = "<group>"; };
		DA3B95DF2CE0190E00C1AC8E /* SetCardsView.swift */ = {isa = PBXFileReference; lastKnownFileType = sourcecode.swift; path = SetCardsView.swift; sourceTree = "<group>"; };
		DA3B95E12CE01EFA00C1AC8E /* setCards.json */ = {isa = PBXFileReference; lastKnownFileType = text.json; path = setCards.json; sourceTree = "<group>"; };
		DA3B95E32CE01F8C00C1AC8E /* CardModel.swift */ = {isa = PBXFileReference; lastKnownFileType = sourcecode.swift; path = CardModel.swift; sourceTree = "<group>"; };
		DA3B95E52CE026BF00C1AC8E /* URLSessionExtension.swift */ = {isa = PBXFileReference; lastKnownFileType = sourcecode.swift; path = URLSessionExtension.swift; sourceTree = "<group>"; };
		DA3B95E72CE02BB200C1AC8E /* VisionModel.swift */ = {isa = PBXFileReference; lastKnownFileType = sourcecode.swift; path = VisionModel.swift; sourceTree = "<group>"; };
		DA3B95E92CE0326C00C1AC8E /* ScanView.swift */ = {isa = PBXFileReference; lastKnownFileType = sourcecode.swift; path = ScanView.swift; sourceTree = "<group>"; };
		DA5EEC852CE0C83900BE863C /* CardDetailView.swift */ = {isa = PBXFileReference; lastKnownFileType = sourcecode.swift; path = CardDetailView.swift; sourceTree = "<group>"; };
		DA9C3AD52CE16D7C009C7621 /* CollectionView.swift */ = {isa = PBXFileReference; lastKnownFileType = sourcecode.swift; path = CollectionView.swift; sourceTree = "<group>"; };
		DA9C3AD72CE16DD7009C7621 /* CollectionViewModel.swift */ = {isa = PBXFileReference; lastKnownFileType = sourcecode.swift; path = CollectionViewModel.swift; sourceTree = "<group>"; };
		DAD26AB22CE279B2004942C8 /* RemoteImageView.swift */ = {isa = PBXFileReference; lastKnownFileType = sourcecode.swift; path = RemoteImageView.swift; sourceTree = "<group>"; };
		DAD26AB42CE27A1C004942C8 /* UIImageExtension.swift */ = {isa = PBXFileReference; lastKnownFileType = sourcecode.swift; path = UIImageExtension.swift; sourceTree = "<group>"; };
/* End PBXFileReference section */

/* Begin PBXFrameworksBuildPhase section */
		DA3B95B72CDFF9C100C1AC8E /* Frameworks */ = {
			isa = PBXFrameworksBuildPhase;
			buildActionMask = 2147483647;
			files = (
			);
			runOnlyForDeploymentPostprocessing = 0;
		};
/* End PBXFrameworksBuildPhase section */

/* Begin PBXGroup section */
		DA152EC42CE0D98B00C41E0C /* Scan */ = {
			isa = PBXGroup;
			children = (
				DA3B95E92CE0326C00C1AC8E /* ScanView.swift */,
				DA152EC52CE0D99A00C41E0C /* CameraViewController.swift */,
			);
			path = Scan;
			sourceTree = "<group>";
		};
		DA152EC92CE105F200C41E0C /* Resources */ = {
			isa = PBXGroup;
			children = (
				DA152ECA2CE1063C00C41E0C /* apiKeys.json */,
				DA152ECC2CE106CF00C41E0C /* KeyConstants.swift */,
			);
			path = Resources;
			sourceTree = "<group>";
		};
		DA3B95B12CDFF9C100C1AC8E = {
			isa = PBXGroup;
			children = (
				DA3B95BC2CDFF9C100C1AC8E /* PokemonTCGScanner */,
				DA3B95BB2CDFF9C100C1AC8E /* Products */,
			);
			sourceTree = "<group>";
		};
		DA3B95BB2CDFF9C100C1AC8E /* Products */ = {
			isa = PBXGroup;
			children = (
				DA3B95BA2CDFF9C100C1AC8E /* PokemonTCGScanner.app */,
			);
			name = Products;
			sourceTree = "<group>";
		};
		DA3B95BC2CDFF9C100C1AC8E /* PokemonTCGScanner */ = {
			isa = PBXGroup;
			children = (
				DA3B95BD2CDFF9C100C1AC8E /* PokemonTCGScannerApp.swift */,
				DA152EC92CE105F200C41E0C /* Resources */,
				DA3B95CE2CDFFDC400C1AC8E /* ViewModel */,
				DA3B95CC2CDFFDA600C1AC8E /* Model */,
				DA3B95CD2CDFFDAD00C1AC8E /* View */,
				DA3B95C12CDFF9C200C1AC8E /* Assets.xcassets */,
				DA3B95D12CE0009000C1AC8E /* Extension */,
				DA3B95C32CDFF9C200C1AC8E /* Preview Content */,
			);
			path = PokemonTCGScanner;
			sourceTree = "<group>";
		};
		DA3B95C32CDFF9C200C1AC8E /* Preview Content */ = {
			isa = PBXGroup;
			children = (
				DA3B95C42CDFF9C200C1AC8E /* Preview Assets.xcassets */,
				DA3B95DA2CE00B0100C1AC8E /* PreviewMocks.swift */,
				DA3B95DC2CE00BA200C1AC8E /* Responses */,
			);
			path = "Preview Content";
			sourceTree = "<group>";
		};
		DA3B95CC2CDFFDA600C1AC8E /* Model */ = {
			isa = PBXGroup;
			children = (
				DA3B95D42CE0066B00C1AC8E /* ApiModel.swift */,
				DA3B95D82CE008B000C1AC8E /* SetModel.swift */,
				DA3B95E32CE01F8C00C1AC8E /* CardModel.swift */,
				DA3B95E72CE02BB200C1AC8E /* VisionModel.swift */,
			);
			path = Model;
			sourceTree = "<group>";
		};
		DA3B95CD2CDFFDAD00C1AC8E /* View */ = {
			isa = PBXGroup;
			children = (
				DAD26AB12CE279A6004942C8 /* Shared */,
				DA152EC42CE0D98B00C41E0C /* Scan */,
				DA3B95BF2CDFF9C100C1AC8E /* MainView.swift */,
				DA3B95CF2CDFFDF500C1AC8E /* BrowseView.swift */,
				DA3B95DF2CE0190E00C1AC8E /* SetCardsView.swift */,
				DA5EEC852CE0C83900BE863C /* CardDetailView.swift */,
				DA9C3AD52CE16D7C009C7621 /* CollectionView.swift */,
			);
			path = View;
			sourceTree = "<group>";
		};
		DA3B95CE2CDFFDC400C1AC8E /* ViewModel */ = {
			isa = PBXGroup;
			children = (
				DA3B95D62CE0086B00C1AC8E /* BrowseViewModel.swift */,
				DA152EC72CE0DF6500C41E0C /* ScanViewModel.swift */,
				DA9C3AD72CE16DD7009C7621 /* CollectionViewModel.swift */,
			);
			path = ViewModel;
			sourceTree = "<group>";
		};
		DA3B95D12CE0009000C1AC8E /* Extension */ = {
			isa = PBXGroup;
			children = (
				DA3B95D22CE0009D00C1AC8E /* ColorExtension.swift */,
				DA3B95E52CE026BF00C1AC8E /* URLSessionExtension.swift */,
				DAD26AB42CE27A1C004942C8 /* UIImageExtension.swift */,
			);
			path = Extension;
			sourceTree = "<group>";
		};
		DA3B95DC2CE00BA200C1AC8E /* Responses */ = {
			isa = PBXGroup;
			children = (
				DA3B95DD2CE00C2000C1AC8E /* sets.json */,
				DA3B95E12CE01EFA00C1AC8E /* setCards.json */,
			);
			path = Responses;
			sourceTree = "<group>";
		};
		DAD26AB12CE279A6004942C8 /* Shared */ = {
			isa = PBXGroup;
			children = (
				DAD26AB22CE279B2004942C8 /* RemoteImageView.swift */,
			);
			path = Shared;
			sourceTree = "<group>";
		};
/* End PBXGroup section */

/* Begin PBXNativeTarget section */
		DA3B95B92CDFF9C100C1AC8E /* PokemonTCGScanner */ = {
			isa = PBXNativeTarget;
			buildConfigurationList = DA3B95C82CDFF9C200C1AC8E /* Build configuration list for PBXNativeTarget "PokemonTCGScanner" */;
			buildPhases = (
				DA3B95B62CDFF9C100C1AC8E /* Sources */,
				DA3B95B72CDFF9C100C1AC8E /* Frameworks */,
				DA3B95B82CDFF9C100C1AC8E /* Resources */,
			);
			buildRules = (
			);
			dependencies = (
			);
			name = PokemonTCGScanner;
			productName = PokemonTCGScanner;
			productReference = DA3B95BA2CDFF9C100C1AC8E /* PokemonTCGScanner.app */;
			productType = "com.apple.product-type.application";
		};
/* End PBXNativeTarget section */

/* Begin PBXProject section */
		DA3B95B22CDFF9C100C1AC8E /* Project object */ = {
			isa = PBXProject;
			attributes = {
				BuildIndependentTargetsInParallel = 1;
				KnownAssetTags = (
					APIKeys,
				);
				LastSwiftUpdateCheck = 1520;
				LastUpgradeCheck = 1520;
				TargetAttributes = {
					DA3B95B92CDFF9C100C1AC8E = {
						CreatedOnToolsVersion = 15.2;
					};
				};
			};
			buildConfigurationList = DA3B95B52CDFF9C100C1AC8E /* Build configuration list for PBXProject "PokemonTCGScanner" */;
			compatibilityVersion = "Xcode 14.0";
			developmentRegion = en;
			hasScannedForEncodings = 0;
			knownRegions = (
				en,
				Base,
			);
			mainGroup = DA3B95B12CDFF9C100C1AC8E;
			productRefGroup = DA3B95BB2CDFF9C100C1AC8E /* Products */;
			projectDirPath = "";
			projectRoot = "";
			targets = (
				DA3B95B92CDFF9C100C1AC8E /* PokemonTCGScanner */,
			);
		};
/* End PBXProject section */

/* Begin PBXResourcesBuildPhase section */
		DA3B95B82CDFF9C100C1AC8E /* Resources */ = {
			isa = PBXResourcesBuildPhase;
			buildActionMask = 2147483647;
			files = (
				DA3B95C52CDFF9C200C1AC8E /* Preview Assets.xcassets in Resources */,
				DA3B95DE2CE00C2000C1AC8E /* sets.json in Resources */,
				DA152ECB2CE1063C00C41E0C /* apiKeys.json in Resources */,
				DA3B95E22CE01EFA00C1AC8E /* setCards.json in Resources */,
				DA3B95C22CDFF9C200C1AC8E /* Assets.xcassets in Resources */,
			);
			runOnlyForDeploymentPostprocessing = 0;
		};
/* End PBXResourcesBuildPhase section */

/* Begin PBXSourcesBuildPhase section */
		DA3B95B62CDFF9C100C1AC8E /* Sources */ = {
			isa = PBXSourcesBuildPhase;
			buildActionMask = 2147483647;
			files = (
				DA9C3AD62CE16D7C009C7621 /* CollectionView.swift in Sources */,
				DA3B95C02CDFF9C100C1AC8E /* MainView.swift in Sources */,
				DAD26AB52CE27A1C004942C8 /* UIImageExtension.swift in Sources */,
				DA3B95D02CDFFDF500C1AC8E /* BrowseView.swift in Sources */,
				DA152ECD2CE106CF00C41E0C /* KeyConstants.swift in Sources */,
				DA3B95BE2CDFF9C100C1AC8E /* PokemonTCGScannerApp.swift in Sources */,
				DA3B95D92CE008B000C1AC8E /* SetModel.swift in Sources */,
				DA3B95DB2CE00B0100C1AC8E /* PreviewMocks.swift in Sources */,
				DA3B95D32CE0009D00C1AC8E /* ColorExtension.swift in Sources */,
				DA3B95EA2CE0326C00C1AC8E /* ScanView.swift in Sources */,
				DA3B95D72CE0086B00C1AC8E /* BrowseViewModel.swift in Sources */,
				DA3B95D52CE0066B00C1AC8E /* ApiModel.swift in Sources */,
				DA3B95E02CE0190E00C1AC8E /* SetCardsView.swift in Sources */,
				DA3B95E82CE02BB200C1AC8E /* VisionModel.swift in Sources */,
				DA152EC62CE0D99A00C41E0C /* CameraViewController.swift in Sources */,
				DA3B95E42CE01F8C00C1AC8E /* CardModel.swift in Sources */,
				DA9C3AD82CE16DD7009C7621 /* CollectionViewModel.swift in Sources */,
				DA3B95E62CE026BF00C1AC8E /* URLSessionExtension.swift in Sources */,
				DA5EEC862CE0C83900BE863C /* CardDetailView.swift in Sources */,
				DAD26AB32CE279B2004942C8 /* RemoteImageView.swift in Sources */,
				DA152EC82CE0DF6500C41E0C /* ScanViewModel.swift in Sources */,
			);
			runOnlyForDeploymentPostprocessing = 0;
		};
/* End PBXSourcesBuildPhase section */

/* Begin XCBuildConfiguration section */
		DA3B95C62CDFF9C200C1AC8E /* Debug */ = {
			isa = XCBuildConfiguration;
			buildSettings = {
				ALWAYS_SEARCH_USER_PATHS = NO;
				ASSETCATALOG_COMPILER_GENERATE_SWIFT_ASSET_SYMBOL_EXTENSIONS = YES;
				CLANG_ANALYZER_NONNULL = YES;
				CLANG_ANALYZER_NUMBER_OBJECT_CONVERSION = YES_AGGRESSIVE;
				CLANG_CXX_LANGUAGE_STANDARD = "gnu++20";
				CLANG_ENABLE_MODULES = YES;
				CLANG_ENABLE_OBJC_ARC = YES;
				CLANG_ENABLE_OBJC_WEAK = YES;
				CLANG_WARN_BLOCK_CAPTURE_AUTORELEASING = YES;
				CLANG_WARN_BOOL_CONVERSION = YES;
				CLANG_WARN_COMMA = YES;
				CLANG_WARN_CONSTANT_CONVERSION = YES;
				CLANG_WARN_DEPRECATED_OBJC_IMPLEMENTATIONS = YES;
				CLANG_WARN_DIRECT_OBJC_ISA_USAGE = YES_ERROR;
				CLANG_WARN_DOCUMENTATION_COMMENTS = YES;
				CLANG_WARN_EMPTY_BODY = YES;
				CLANG_WARN_ENUM_CONVERSION = YES;
				CLANG_WARN_INFINITE_RECURSION = YES;
				CLANG_WARN_INT_CONVERSION = YES;
				CLANG_WARN_NON_LITERAL_NULL_CONVERSION = YES;
				CLANG_WARN_OBJC_IMPLICIT_RETAIN_SELF = YES;
				CLANG_WARN_OBJC_LITERAL_CONVERSION = YES;
				CLANG_WARN_OBJC_ROOT_CLASS = YES_ERROR;
				CLANG_WARN_QUOTED_INCLUDE_IN_FRAMEWORK_HEADER = YES;
				CLANG_WARN_RANGE_LOOP_ANALYSIS = YES;
				CLANG_WARN_STRICT_PROTOTYPES = YES;
				CLANG_WARN_SUSPICIOUS_MOVE = YES;
				CLANG_WARN_UNGUARDED_AVAILABILITY = YES_AGGRESSIVE;
				CLANG_WARN_UNREACHABLE_CODE = YES;
				CLANG_WARN__DUPLICATE_METHOD_MATCH = YES;
				COPY_PHASE_STRIP = NO;
				DEBUG_INFORMATION_FORMAT = dwarf;
				ENABLE_STRICT_OBJC_MSGSEND = YES;
				ENABLE_TESTABILITY = YES;
				ENABLE_USER_SCRIPT_SANDBOXING = YES;
				GCC_C_LANGUAGE_STANDARD = gnu17;
				GCC_DYNAMIC_NO_PIC = NO;
				GCC_NO_COMMON_BLOCKS = YES;
				GCC_OPTIMIZATION_LEVEL = 0;
				GCC_PREPROCESSOR_DEFINITIONS = (
					"DEBUG=1",
					"$(inherited)",
				);
				GCC_WARN_64_TO_32_BIT_CONVERSION = YES;
				GCC_WARN_ABOUT_RETURN_TYPE = YES_ERROR;
				GCC_WARN_UNDECLARED_SELECTOR = YES;
				GCC_WARN_UNINITIALIZED_AUTOS = YES_AGGRESSIVE;
				GCC_WARN_UNUSED_FUNCTION = YES;
				GCC_WARN_UNUSED_VARIABLE = YES;
				IPHONEOS_DEPLOYMENT_TARGET = 17.2;
				LOCALIZATION_PREFERS_STRING_CATALOGS = YES;
				MTL_ENABLE_DEBUG_INFO = INCLUDE_SOURCE;
				MTL_FAST_MATH = YES;
				ONLY_ACTIVE_ARCH = YES;
				SDKROOT = iphoneos;
				SWIFT_ACTIVE_COMPILATION_CONDITIONS = "DEBUG $(inherited)";
				SWIFT_OPTIMIZATION_LEVEL = "-Onone";
			};
			name = Debug;
		};
		DA3B95C72CDFF9C200C1AC8E /* Release */ = {
			isa = XCBuildConfiguration;
			buildSettings = {
				ALWAYS_SEARCH_USER_PATHS = NO;
				ASSETCATALOG_COMPILER_GENERATE_SWIFT_ASSET_SYMBOL_EXTENSIONS = YES;
				CLANG_ANALYZER_NONNULL = YES;
				CLANG_ANALYZER_NUMBER_OBJECT_CONVERSION = YES_AGGRESSIVE;
				CLANG_CXX_LANGUAGE_STANDARD = "gnu++20";
				CLANG_ENABLE_MODULES = YES;
				CLANG_ENABLE_OBJC_ARC = YES;
				CLANG_ENABLE_OBJC_WEAK = YES;
				CLANG_WARN_BLOCK_CAPTURE_AUTORELEASING = YES;
				CLANG_WARN_BOOL_CONVERSION = YES;
				CLANG_WARN_COMMA = YES;
				CLANG_WARN_CONSTANT_CONVERSION = YES;
				CLANG_WARN_DEPRECATED_OBJC_IMPLEMENTATIONS = YES;
				CLANG_WARN_DIRECT_OBJC_ISA_USAGE = YES_ERROR;
				CLANG_WARN_DOCUMENTATION_COMMENTS = YES;
				CLANG_WARN_EMPTY_BODY = YES;
				CLANG_WARN_ENUM_CONVERSION = YES;
				CLANG_WARN_INFINITE_RECURSION = YES;
				CLANG_WARN_INT_CONVERSION = YES;
				CLANG_WARN_NON_LITERAL_NULL_CONVERSION = YES;
				CLANG_WARN_OBJC_IMPLICIT_RETAIN_SELF = YES;
				CLANG_WARN_OBJC_LITERAL_CONVERSION = YES;
				CLANG_WARN_OBJC_ROOT_CLASS = YES_ERROR;
				CLANG_WARN_QUOTED_INCLUDE_IN_FRAMEWORK_HEADER = YES;
				CLANG_WARN_RANGE_LOOP_ANALYSIS = YES;
				CLANG_WARN_STRICT_PROTOTYPES = YES;
				CLANG_WARN_SUSPICIOUS_MOVE = YES;
				CLANG_WARN_UNGUARDED_AVAILABILITY = YES_AGGRESSIVE;
				CLANG_WARN_UNREACHABLE_CODE = YES;
				CLANG_WARN__DUPLICATE_METHOD_MATCH = YES;
				COPY_PHASE_STRIP = NO;
				DEBUG_INFORMATION_FORMAT = "dwarf-with-dsym";
				ENABLE_NS_ASSERTIONS = NO;
				ENABLE_STRICT_OBJC_MSGSEND = YES;
				ENABLE_USER_SCRIPT_SANDBOXING = YES;
				GCC_C_LANGUAGE_STANDARD = gnu17;
				GCC_NO_COMMON_BLOCKS = YES;
				GCC_WARN_64_TO_32_BIT_CONVERSION = YES;
				GCC_WARN_ABOUT_RETURN_TYPE = YES_ERROR;
				GCC_WARN_UNDECLARED_SELECTOR = YES;
				GCC_WARN_UNINITIALIZED_AUTOS = YES_AGGRESSIVE;
				GCC_WARN_UNUSED_FUNCTION = YES;
				GCC_WARN_UNUSED_VARIABLE = YES;
				IPHONEOS_DEPLOYMENT_TARGET = 17.2;
				LOCALIZATION_PREFERS_STRING_CATALOGS = YES;
				MTL_ENABLE_DEBUG_INFO = NO;
				MTL_FAST_MATH = YES;
				SDKROOT = iphoneos;
				SWIFT_COMPILATION_MODE = wholemodule;
				VALIDATE_PRODUCT = YES;
			};
			name = Release;
		};
		DA3B95C92CDFF9C200C1AC8E /* Debug */ = {
			isa = XCBuildConfiguration;
			buildSettings = {
				ASSETCATALOG_COMPILER_APPICON_NAME = AppIcon;
				ASSETCATALOG_COMPILER_GLOBAL_ACCENT_COLOR_NAME = AccentColor;
				CODE_SIGN_STYLE = Automatic;
				CURRENT_PROJECT_VERSION = 1;
				DEVELOPMENT_ASSET_PATHS = "\"PokemonTCGScanner/Preview Content\"";
				DEVELOPMENT_TEAM = V6GZ84ML39;
				ENABLE_PREVIEWS = YES;
				GENERATE_INFOPLIST_FILE = YES;
				INFOPLIST_KEY_NSCameraUsageDescription = "Used for scanning the user's TCG cards";
				INFOPLIST_KEY_UIApplicationSceneManifest_Generation = YES;
				INFOPLIST_KEY_UIApplicationSupportsIndirectInputEvents = YES;
				INFOPLIST_KEY_UILaunchScreen_Generation = YES;
				INFOPLIST_KEY_UISupportedInterfaceOrientations_iPad = "UIInterfaceOrientationPortrait UIInterfaceOrientationPortraitUpsideDown UIInterfaceOrientationLandscapeLeft UIInterfaceOrientationLandscapeRight";
				INFOPLIST_KEY_UISupportedInterfaceOrientations_iPhone = "UIInterfaceOrientationPortrait UIInterfaceOrientationLandscapeLeft UIInterfaceOrientationLandscapeRight";
				IPHONEOS_DEPLOYMENT_TARGET = 17.2;
				LD_RUNPATH_SEARCH_PATHS = (
					"$(inherited)",
					"@executable_path/Frameworks",
				);
				MARKETING_VERSION = 1.0;
				ON_DEMAND_RESOURCES_INITIAL_INSTALL_TAGS = APIKeys;
				PRODUCT_BUNDLE_IDENTIFIER = Adde.PokemonTCGScanner;
				PRODUCT_NAME = "$(TARGET_NAME)";
				SWIFT_EMIT_LOC_STRINGS = YES;
				SWIFT_VERSION = 5.0;
				TARGETED_DEVICE_FAMILY = "1,2";
			};
			name = Debug;
		};
		DA3B95CA2CDFF9C200C1AC8E /* Release */ = {
			isa = XCBuildConfiguration;
			buildSettings = {
				ASSETCATALOG_COMPILER_APPICON_NAME = AppIcon;
				ASSETCATALOG_COMPILER_GLOBAL_ACCENT_COLOR_NAME = AccentColor;
				CODE_SIGN_STYLE = Automatic;
				CURRENT_PROJECT_VERSION = 1;
				DEVELOPMENT_ASSET_PATHS = "\"PokemonTCGScanner/Preview Content\"";
				DEVELOPMENT_TEAM = V6GZ84ML39;
				ENABLE_PREVIEWS = YES;
				GENERATE_INFOPLIST_FILE = YES;
				INFOPLIST_KEY_NSCameraUsageDescription = "Used for scanning the user's TCG cards";
				INFOPLIST_KEY_UIApplicationSceneManifest_Generation = YES;
				INFOPLIST_KEY_UIApplicationSupportsIndirectInputEvents = YES;
				INFOPLIST_KEY_UILaunchScreen_Generation = YES;
				INFOPLIST_KEY_UISupportedInterfaceOrientations_iPad = "UIInterfaceOrientationPortrait UIInterfaceOrientationPortraitUpsideDown UIInterfaceOrientationLandscapeLeft UIInterfaceOrientationLandscapeRight";
				INFOPLIST_KEY_UISupportedInterfaceOrientations_iPhone = "UIInterfaceOrientationPortrait UIInterfaceOrientationLandscapeLeft UIInterfaceOrientationLandscapeRight";
				IPHONEOS_DEPLOYMENT_TARGET = 17.2;
				LD_RUNPATH_SEARCH_PATHS = (
					"$(inherited)",
					"@executable_path/Frameworks",
				);
				MARKETING_VERSION = 1.0;
				ON_DEMAND_RESOURCES_INITIAL_INSTALL_TAGS = APIKeys;
				PRODUCT_BUNDLE_IDENTIFIER = Adde.PokemonTCGScanner;
				PRODUCT_NAME = "$(TARGET_NAME)";
				SWIFT_EMIT_LOC_STRINGS = YES;
				SWIFT_VERSION = 5.0;
				TARGETED_DEVICE_FAMILY = "1,2";
			};
			name = Release;
		};
/* End XCBuildConfiguration section */

/* Begin XCConfigurationList section */
		DA3B95B52CDFF9C100C1AC8E /* Build configuration list for PBXProject "PokemonTCGScanner" */ = {
			isa = XCConfigurationList;
			buildConfigurations = (
				DA3B95C62CDFF9C200C1AC8E /* Debug */,
				DA3B95C72CDFF9C200C1AC8E /* Release */,
			);
			defaultConfigurationIsVisible = 0;
			defaultConfigurationName = Release;
		};
		DA3B95C82CDFF9C200C1AC8E /* Build configuration list for PBXNativeTarget "PokemonTCGScanner" */ = {
			isa = XCConfigurationList;
			buildConfigurations = (
				DA3B95C92CDFF9C200C1AC8E /* Debug */,
				DA3B95CA2CDFF9C200C1AC8E /* Release */,
			);
			defaultConfigurationIsVisible = 0;
			defaultConfigurationName = Release;
		};
/* End XCConfigurationList section */
	};
	rootObject = DA3B95B22CDFF9C100C1AC8E /* Project object */;
}
